
Microsoft Visual Studio Solution File, Format Version 12.00
# Visual Studio 15
VisualStudioVersion = 15.0.28307.1525
MinimumVisualStudioVersion = 10.0.40219.1
Project("{FAE04EC0-301F-11D3-BF4B-00C04F79EFBC}") = "apt_deneme1", "apt_deneme1\apt_deneme1.csproj", "{1E46967C-FFB0-41DE-A833-5E7F96FACC50}"
EndProject
Global
	GlobalSection(SolutionConfigurationPlatforms) = preSolution
		Debug|Any CPU = Debug|Any CPU
		Release|Any CPU = Release|Any CPU
	EndGlobalSection
	GlobalSection(ProjectConfigurationPlatforms) = postSolution
		{1E46967C-FFB0-41DE-A833-5E7F96FACC50}.Debug|Any CPU.ActiveCfg = Debug|Any CPU
		{1E46967C-FFB0-41DE-A833-5E7F96FACC50}.Debug|Any CPU.Build.0 = Debug|Any CPU
		{1E46967C-FFB0-41DE-A833-5E7F96FACC50}.Release|Any CPU.ActiveCfg = Release|Any CPU
		{1E46967C-FFB0-41DE-A833-5E7F96FACC50}.Release|Any CPU.Build.0 = Release|Any CPU
	EndGlobalSection
	GlobalSection(SolutionProperties) = preSolution
		HideSolutionNode = FALSE
	EndGlobalSection
	GlobalSection(ExtensibilityGlobals) = postSolution
		SolutionGuid = {2C790254-42DB-4E0B-B237-849FFB953F0A}
	EndGlobalSection
EndGlobal
